
Microsoft Visual Studio Solution File, Format Version 12.00
# Visual Studio Version 17
VisualStudioVersion = 17.2.32630.192
MinimumVisualStudioVersion = 10.0.40219.1
Project("{FAE04EC0-301F-11D3-BF4B-00C04F79EFBC}") = "Stealer", "Stealer\Stealer.csproj", "{5976A090-CA69-4E1E-A6BE-D918C93C3BEF}"
EndProject
Project("{FAE04EC0-301F-11D3-BF4B-00C04F79EFBC}") = "CreateAttribute", "CreateAttribute\CreateAttribute.csproj", "{2C7543C2-601C-4E47-ADCC-6AD84E7608D2}"
EndProject
Global
	GlobalSection(SolutionConfigurationPlatforms) = preSolution
		Debug|Any CPU = Debug|Any CPU
		Release|Any CPU = Release|Any CPU
	EndGlobalSection
	GlobalSection(ProjectConfigurationPlatforms) = postSolution
		{5976A090-CA69-4E1E-A6BE-D918C93C3BEF}.Debug|Any CPU.ActiveCfg = Debug|Any CPU
		{5976A090-CA69-4E1E-A6BE-D918C93C3BEF}.Debug|Any CPU.Build.0 = Debug|Any CPU
		{5976A090-CA69-4E1E-A6BE-D918C93C3BEF}.Release|Any CPU.ActiveCfg = Release|Any CPU
		{5976A090-CA69-4E1E-A6BE-D918C93C3BEF}.Release|Any CPU.Build.0 = Release|Any CPU
		{2C7543C2-601C-4E47-ADCC-6AD84E7608D2}.Debug|Any CPU.ActiveCfg = Debug|Any CPU
		{2C7543C2-601C-4E47-ADCC-6AD84E7608D2}.Debug|Any CPU.Build.0 = Debug|Any CPU
		{2C7543C2-601C-4E47-ADCC-6AD84E7608D2}.Release|Any CPU.ActiveCfg = Release|Any CPU
		{2C7543C2-601C-4E47-ADCC-6AD84E7608D2}.Release|Any CPU.Build.0 = Release|Any CPU
	EndGlobalSection
	GlobalSection(SolutionProperties) = preSolution
		HideSolutionNode = FALSE
	EndGlobalSection
	GlobalSection(ExtensibilityGlobals) = postSolution
		SolutionGuid = {42DFCF54-F30D-4A6E-AB41-DE228089AACF}
	EndGlobalSection
EndGlobal
