
Microsoft Visual Studio Solution File, Format Version 12.00
# Visual Studio Version 17
VisualStudioVersion = 17.1.32210.238
MinimumVisualStudioVersion = 10.0.40219.1
Project("{FAE04EC0-301F-11D3-BF4B-00C04F79EFBC}") = "1. CountRealNumbers", "1. CountRealNumbers\1. CountRealNumbers.csproj", "{502B2784-7570-4D42-930D-0350488CCC6D}"
EndProject
Project("{FAE04EC0-301F-11D3-BF4B-00C04F79EFBC}") = "2. OddNumberOfOccurances", "2. OddNumberOfOccurances\2. OddNumberOfOccurances.csproj", "{D86E7DC0-459B-46F8-BB7F-6B9C5949D7E4}"
EndProject
Project("{FAE04EC0-301F-11D3-BF4B-00C04F79EFBC}") = "3. WordSynonyms", "3. WordSynonyms\3. WordSynonyms.csproj", "{4A8AC763-A62F-42E4-B4AB-B75AD53B3E3E}"
EndProject
Project("{FAE04EC0-301F-11D3-BF4B-00C04F79EFBC}") = "0.Demo", "0.Demo\0.Demo.csproj", "{C9E7074B-56CC-4E01-BFE6-6AC39C7D7F38}"
EndProject
Project("{FAE04EC0-301F-11D3-BF4B-00C04F79EFBC}") = "5. WordFilter", "5. WordFilter\5. WordFilter.csproj", "{A796F4A1-3C49-4BCC-A75E-701035273774}"
EndProject
Global
	GlobalSection(SolutionConfigurationPlatforms) = preSolution
		Debug|Any CPU = Debug|Any CPU
		Release|Any CPU = Release|Any CPU
	EndGlobalSection
	GlobalSection(ProjectConfigurationPlatforms) = postSolution
		{502B2784-7570-4D42-930D-0350488CCC6D}.Debug|Any CPU.ActiveCfg = Debug|Any CPU
		{502B2784-7570-4D42-930D-0350488CCC6D}.Debug|Any CPU.Build.0 = Debug|Any CPU
		{502B2784-7570-4D42-930D-0350488CCC6D}.Release|Any CPU.ActiveCfg = Release|Any CPU
		{502B2784-7570-4D42-930D-0350488CCC6D}.Release|Any CPU.Build.0 = Release|Any CPU
		{D86E7DC0-459B-46F8-BB7F-6B9C5949D7E4}.Debug|Any CPU.ActiveCfg = Debug|Any CPU
		{D86E7DC0-459B-46F8-BB7F-6B9C5949D7E4}.Debug|Any CPU.Build.0 = Debug|Any CPU
		{D86E7DC0-459B-46F8-BB7F-6B9C5949D7E4}.Release|Any CPU.ActiveCfg = Release|Any CPU
		{D86E7DC0-459B-46F8-BB7F-6B9C5949D7E4}.Release|Any CPU.Build.0 = Release|Any CPU
		{4A8AC763-A62F-42E4-B4AB-B75AD53B3E3E}.Debug|Any CPU.ActiveCfg = Debug|Any CPU
		{4A8AC763-A62F-42E4-B4AB-B75AD53B3E3E}.Debug|Any CPU.Build.0 = Debug|Any CPU
		{4A8AC763-A62F-42E4-B4AB-B75AD53B3E3E}.Release|Any CPU.ActiveCfg = Release|Any CPU
		{4A8AC763-A62F-42E4-B4AB-B75AD53B3E3E}.Release|Any CPU.Build.0 = Release|Any CPU
		{C9E7074B-56CC-4E01-BFE6-6AC39C7D7F38}.Debug|Any CPU.ActiveCfg = Debug|Any CPU
		{C9E7074B-56CC-4E01-BFE6-6AC39C7D7F38}.Debug|Any CPU.Build.0 = Debug|Any CPU
		{C9E7074B-56CC-4E01-BFE6-6AC39C7D7F38}.Release|Any CPU.ActiveCfg = Release|Any CPU
		{C9E7074B-56CC-4E01-BFE6-6AC39C7D7F38}.Release|Any CPU.Build.0 = Release|Any CPU
		{A796F4A1-3C49-4BCC-A75E-701035273774}.Debug|Any CPU.ActiveCfg = Debug|Any CPU
		{A796F4A1-3C49-4BCC-A75E-701035273774}.Debug|Any CPU.Build.0 = Debug|Any CPU
		{A796F4A1-3C49-4BCC-A75E-701035273774}.Release|Any CPU.ActiveCfg = Release|Any CPU
		{A796F4A1-3C49-4BCC-A75E-701035273774}.Release|Any CPU.Build.0 = Release|Any CPU
	EndGlobalSection
	GlobalSection(SolutionProperties) = preSolution
		HideSolutionNode = FALSE
	EndGlobalSection
	GlobalSection(ExtensibilityGlobals) = postSolution
		SolutionGuid = {E1EC4E39-DABA-4A9C-B3BB-3EB36F101D24}
	EndGlobalSection
EndGlobal
