
Microsoft Visual Studio Solution File, Format Version 12.00
# Visual Studio Version 17
VisualStudioVersion = 17.2.32630.192
MinimumVisualStudioVersion = 10.0.40219.1
Project("{9A19103F-16F7-4668-BE54-9A1E7A4F7556}") = "ClassBoxData", "1. ClassBoxData\ClassBoxData.csproj", "{AB3A944E-DFD6-47CB-838E-1AD0A863143F}"
EndProject
Project("{9A19103F-16F7-4668-BE54-9A1E7A4F7556}") = "AnimalFarm", "AnimalFarm\AnimalFarm.csproj", "{E63A2E39-8BB4-434C-8559-C8FD513D3BC1}"
EndProject
Project("{9A19103F-16F7-4668-BE54-9A1E7A4F7556}") = "ShoppingSpree", "ShoppingSpree\ShoppingSpree.csproj", "{016E7789-9F4E-4F6D-8651-61A6F3F14669}"
EndProject
Project("{FAE04EC0-301F-11D3-BF4B-00C04F79EFBC}") = "PizzaCalories", "PizzaCalories\PizzaCalories.csproj", "{B7355889-A058-4504-91C1-45377F638ABB}"
EndProject
Global
	GlobalSection(SolutionConfigurationPlatforms) = preSolution
		Debug|Any CPU = Debug|Any CPU
		Release|Any CPU = Release|Any CPU
	EndGlobalSection
	GlobalSection(ProjectConfigurationPlatforms) = postSolution
		{AB3A944E-DFD6-47CB-838E-1AD0A863143F}.Debug|Any CPU.ActiveCfg = Debug|Any CPU
		{AB3A944E-DFD6-47CB-838E-1AD0A863143F}.Debug|Any CPU.Build.0 = Debug|Any CPU
		{AB3A944E-DFD6-47CB-838E-1AD0A863143F}.Release|Any CPU.ActiveCfg = Release|Any CPU
		{AB3A944E-DFD6-47CB-838E-1AD0A863143F}.Release|Any CPU.Build.0 = Release|Any CPU
		{E63A2E39-8BB4-434C-8559-C8FD513D3BC1}.Debug|Any CPU.ActiveCfg = Debug|Any CPU
		{E63A2E39-8BB4-434C-8559-C8FD513D3BC1}.Debug|Any CPU.Build.0 = Debug|Any CPU
		{E63A2E39-8BB4-434C-8559-C8FD513D3BC1}.Release|Any CPU.ActiveCfg = Release|Any CPU
		{E63A2E39-8BB4-434C-8559-C8FD513D3BC1}.Release|Any CPU.Build.0 = Release|Any CPU
		{016E7789-9F4E-4F6D-8651-61A6F3F14669}.Debug|Any CPU.ActiveCfg = Debug|Any CPU
		{016E7789-9F4E-4F6D-8651-61A6F3F14669}.Debug|Any CPU.Build.0 = Debug|Any CPU
		{016E7789-9F4E-4F6D-8651-61A6F3F14669}.Release|Any CPU.ActiveCfg = Release|Any CPU
		{016E7789-9F4E-4F6D-8651-61A6F3F14669}.Release|Any CPU.Build.0 = Release|Any CPU
		{B7355889-A058-4504-91C1-45377F638ABB}.Debug|Any CPU.ActiveCfg = Debug|Any CPU
		{B7355889-A058-4504-91C1-45377F638ABB}.Debug|Any CPU.Build.0 = Debug|Any CPU
		{B7355889-A058-4504-91C1-45377F638ABB}.Release|Any CPU.ActiveCfg = Release|Any CPU
		{B7355889-A058-4504-91C1-45377F638ABB}.Release|Any CPU.Build.0 = Release|Any CPU
	EndGlobalSection
	GlobalSection(SolutionProperties) = preSolution
		HideSolutionNode = FALSE
	EndGlobalSection
	GlobalSection(ExtensibilityGlobals) = postSolution
		SolutionGuid = {03D7D9B9-BF99-4B08-A62D-C097419DFDD0}
	EndGlobalSection
EndGlobal
