
Microsoft Visual Studio Solution File, Format Version 12.00
# Visual Studio Version 17
VisualStudioVersion = 17.6.33801.468
MinimumVisualStudioVersion = 10.0.40219.1
Project("{9A19103F-16F7-4668-BE54-9A1E7A4F7556}") = "BinarySearch", "BinarySearch\BinarySearch.csproj", "{7BF60AF3-07D8-42E8-8CB4-16E162537DB0}"
EndProject
Project("{9A19103F-16F7-4668-BE54-9A1E7A4F7556}") = "SelectionSort", "SelectionSort\SelectionSort.csproj", "{BA61AA52-FDAB-4A43-B553-3D1F0F4F8106}"
EndProject
Project("{9A19103F-16F7-4668-BE54-9A1E7A4F7556}") = "BubbleSort", "BubbleSort\BubbleSort.csproj", "{71A04C5C-477C-40AC-A3E3-F660313D6B60}"
EndProject
Project("{9A19103F-16F7-4668-BE54-9A1E7A4F7556}") = "InsertionSort", "InsertionSort\InsertionSort.csproj", "{D675A9B4-5F61-4500-8A9F-B8BC661B53C5}"
EndProject
Project("{9A19103F-16F7-4668-BE54-9A1E7A4F7556}") = "QuickSort", "QuickSort\QuickSort.csproj", "{AFFC31EB-9AA0-4891-9948-C95C71A10D1F}"
EndProject
Project("{FAE04EC0-301F-11D3-BF4B-00C04F79EFBC}") = "MergeSort", "MergeSort\MergeSort.csproj", "{AB21D23B-998A-44F0-A072-19A12573926B}"
EndProject
Project("{FAE04EC0-301F-11D3-BF4B-00C04F79EFBC}") = "SetOfCoins", "SetOfCoins\SetOfCoins.csproj", "{F11BFCFB-65EE-4663-867D-DD793D39B709}"
EndProject
Global
	GlobalSection(SolutionConfigurationPlatforms) = preSolution
		Debug|Any CPU = Debug|Any CPU
		Release|Any CPU = Release|Any CPU
	EndGlobalSection
	GlobalSection(ProjectConfigurationPlatforms) = postSolution
		{7BF60AF3-07D8-42E8-8CB4-16E162537DB0}.Debug|Any CPU.ActiveCfg = Debug|Any CPU
		{7BF60AF3-07D8-42E8-8CB4-16E162537DB0}.Debug|Any CPU.Build.0 = Debug|Any CPU
		{7BF60AF3-07D8-42E8-8CB4-16E162537DB0}.Release|Any CPU.ActiveCfg = Release|Any CPU
		{7BF60AF3-07D8-42E8-8CB4-16E162537DB0}.Release|Any CPU.Build.0 = Release|Any CPU
		{BA61AA52-FDAB-4A43-B553-3D1F0F4F8106}.Debug|Any CPU.ActiveCfg = Debug|Any CPU
		{BA61AA52-FDAB-4A43-B553-3D1F0F4F8106}.Debug|Any CPU.Build.0 = Debug|Any CPU
		{BA61AA52-FDAB-4A43-B553-3D1F0F4F8106}.Release|Any CPU.ActiveCfg = Release|Any CPU
		{BA61AA52-FDAB-4A43-B553-3D1F0F4F8106}.Release|Any CPU.Build.0 = Release|Any CPU
		{71A04C5C-477C-40AC-A3E3-F660313D6B60}.Debug|Any CPU.ActiveCfg = Debug|Any CPU
		{71A04C5C-477C-40AC-A3E3-F660313D6B60}.Debug|Any CPU.Build.0 = Debug|Any CPU
		{71A04C5C-477C-40AC-A3E3-F660313D6B60}.Release|Any CPU.ActiveCfg = Release|Any CPU
		{71A04C5C-477C-40AC-A3E3-F660313D6B60}.Release|Any CPU.Build.0 = Release|Any CPU
		{D675A9B4-5F61-4500-8A9F-B8BC661B53C5}.Debug|Any CPU.ActiveCfg = Debug|Any CPU
		{D675A9B4-5F61-4500-8A9F-B8BC661B53C5}.Debug|Any CPU.Build.0 = Debug|Any CPU
		{D675A9B4-5F61-4500-8A9F-B8BC661B53C5}.Release|Any CPU.ActiveCfg = Release|Any CPU
		{D675A9B4-5F61-4500-8A9F-B8BC661B53C5}.Release|Any CPU.Build.0 = Release|Any CPU
		{AFFC31EB-9AA0-4891-9948-C95C71A10D1F}.Debug|Any CPU.ActiveCfg = Debug|Any CPU
		{AFFC31EB-9AA0-4891-9948-C95C71A10D1F}.Debug|Any CPU.Build.0 = Debug|Any CPU
		{AFFC31EB-9AA0-4891-9948-C95C71A10D1F}.Release|Any CPU.ActiveCfg = Release|Any CPU
		{AFFC31EB-9AA0-4891-9948-C95C71A10D1F}.Release|Any CPU.Build.0 = Release|Any CPU
		{AB21D23B-998A-44F0-A072-19A12573926B}.Debug|Any CPU.ActiveCfg = Debug|Any CPU
		{AB21D23B-998A-44F0-A072-19A12573926B}.Debug|Any CPU.Build.0 = Debug|Any CPU
		{AB21D23B-998A-44F0-A072-19A12573926B}.Release|Any CPU.ActiveCfg = Release|Any CPU
		{AB21D23B-998A-44F0-A072-19A12573926B}.Release|Any CPU.Build.0 = Release|Any CPU
		{F11BFCFB-65EE-4663-867D-DD793D39B709}.Debug|Any CPU.ActiveCfg = Debug|Any CPU
		{F11BFCFB-65EE-4663-867D-DD793D39B709}.Debug|Any CPU.Build.0 = Debug|Any CPU
		{F11BFCFB-65EE-4663-867D-DD793D39B709}.Release|Any CPU.ActiveCfg = Release|Any CPU
		{F11BFCFB-65EE-4663-867D-DD793D39B709}.Release|Any CPU.Build.0 = Release|Any CPU
	EndGlobalSection
	GlobalSection(SolutionProperties) = preSolution
		HideSolutionNode = FALSE
	EndGlobalSection
	GlobalSection(ExtensibilityGlobals) = postSolution
		SolutionGuid = {DF728FBE-E4DB-4374-A67C-0927DBFA1E7E}
	EndGlobalSection
EndGlobal
