
Microsoft Visual Studio Solution File, Format Version 12.00
# Visual Studio Version 17
VisualStudioVersion = 17.2.32616.157
MinimumVisualStudioVersion = 10.0.40219.1
Project("{FAE04EC0-301F-11D3-BF4B-00C04F79EFBC}") = "Generics", "Generics\Generics.csproj", "{4C035B69-754B-4ACB-9D14-B88AC2D3F79A}"
EndProject
Project("{FAE04EC0-301F-11D3-BF4B-00C04F79EFBC}") = "Threeuple", "Threeuple\Threeuple.csproj", "{A94072B7-CBB5-4DA7-91F6-7AE197F65AA9}"
EndProject
Global
	GlobalSection(SolutionConfigurationPlatforms) = preSolution
		Debug|Any CPU = Debug|Any CPU
		Release|Any CPU = Release|Any CPU
	EndGlobalSection
	GlobalSection(ProjectConfigurationPlatforms) = postSolution
		{4C035B69-754B-4ACB-9D14-B88AC2D3F79A}.Debug|Any CPU.ActiveCfg = Debug|Any CPU
		{4C035B69-754B-4ACB-9D14-B88AC2D3F79A}.Debug|Any CPU.Build.0 = Debug|Any CPU
		{4C035B69-754B-4ACB-9D14-B88AC2D3F79A}.Release|Any CPU.ActiveCfg = Release|Any CPU
		{4C035B69-754B-4ACB-9D14-B88AC2D3F79A}.Release|Any CPU.Build.0 = Release|Any CPU
		{A94072B7-CBB5-4DA7-91F6-7AE197F65AA9}.Debug|Any CPU.ActiveCfg = Debug|Any CPU
		{A94072B7-CBB5-4DA7-91F6-7AE197F65AA9}.Debug|Any CPU.Build.0 = Debug|Any CPU
		{A94072B7-CBB5-4DA7-91F6-7AE197F65AA9}.Release|Any CPU.ActiveCfg = Release|Any CPU
		{A94072B7-CBB5-4DA7-91F6-7AE197F65AA9}.Release|Any CPU.Build.0 = Release|Any CPU
	EndGlobalSection
	GlobalSection(SolutionProperties) = preSolution
		HideSolutionNode = FALSE
	EndGlobalSection
	GlobalSection(ExtensibilityGlobals) = postSolution
		SolutionGuid = {C2B7C34A-86A7-4F4D-B4AE-ACF2FF3C8E7C}
	EndGlobalSection
EndGlobal
