
Microsoft Visual Studio Solution File, Format Version 12.00
# Visual Studio Version 17
VisualStudioVersion = 17.3.32804.467
MinimumVisualStudioVersion = 10.0.40219.1
Project("{FAE04EC0-301F-11D3-BF4B-00C04F79EFBC}") = "Summator", "Summator\Summator.csproj", "{CB049C80-6B6D-420A-8C2B-0AADCA8ED048}"
EndProject
Project("{FAE04EC0-301F-11D3-BF4B-00C04F79EFBC}") = "SummatorTest", "SummatorTest\SummatorTest.csproj", "{D7629C5C-D225-41A4-B4AB-83D120129486}"
EndProject
Global
	GlobalSection(SolutionConfigurationPlatforms) = preSolution
		Debug|Any CPU = Debug|Any CPU
		Release|Any CPU = Release|Any CPU
	EndGlobalSection
	GlobalSection(ProjectConfigurationPlatforms) = postSolution
		{CB049C80-6B6D-420A-8C2B-0AADCA8ED048}.Debug|Any CPU.ActiveCfg = Debug|Any CPU
		{CB049C80-6B6D-420A-8C2B-0AADCA8ED048}.Debug|Any CPU.Build.0 = Debug|Any CPU
		{CB049C80-6B6D-420A-8C2B-0AADCA8ED048}.Release|Any CPU.ActiveCfg = Release|Any CPU
		{CB049C80-6B6D-420A-8C2B-0AADCA8ED048}.Release|Any CPU.Build.0 = Release|Any CPU
		{D7629C5C-D225-41A4-B4AB-83D120129486}.Debug|Any CPU.ActiveCfg = Debug|Any CPU
		{D7629C5C-D225-41A4-B4AB-83D120129486}.Debug|Any CPU.Build.0 = Debug|Any CPU
		{D7629C5C-D225-41A4-B4AB-83D120129486}.Release|Any CPU.ActiveCfg = Release|Any CPU
		{D7629C5C-D225-41A4-B4AB-83D120129486}.Release|Any CPU.Build.0 = Release|Any CPU
	EndGlobalSection
	GlobalSection(SolutionProperties) = preSolution
		HideSolutionNode = FALSE
	EndGlobalSection
	GlobalSection(ExtensibilityGlobals) = postSolution
		SolutionGuid = {AE2CBCF5-FE4A-40B4-B51D-4FF87B3F2799}
	EndGlobalSection
EndGlobal
