
Microsoft Visual Studio Solution File, Format Version 12.00
# Visual Studio Version 17
VisualStudioVersion = 17.2.32630.192
MinimumVisualStudioVersion = 10.0.40219.1
Project("{FAE04EC0-301F-11D3-BF4B-00C04F79EFBC}") = "1. SortPersonByNameAge", "1. SortPersonByNameAge\1. SortPersonByNameAge.csproj", "{97BC462B-183E-4B6D-BC58-43FE606BF37B}"
EndProject
Global
	GlobalSection(SolutionConfigurationPlatforms) = preSolution
		Debug|Any CPU = Debug|Any CPU
		Release|Any CPU = Release|Any CPU
	EndGlobalSection
	GlobalSection(ProjectConfigurationPlatforms) = postSolution
		{97BC462B-183E-4B6D-BC58-43FE606BF37B}.Debug|Any CPU.ActiveCfg = Debug|Any CPU
		{97BC462B-183E-4B6D-BC58-43FE606BF37B}.Debug|Any CPU.Build.0 = Debug|Any CPU
		{97BC462B-183E-4B6D-BC58-43FE606BF37B}.Release|Any CPU.ActiveCfg = Release|Any CPU
		{97BC462B-183E-4B6D-BC58-43FE606BF37B}.Release|Any CPU.Build.0 = Release|Any CPU
	EndGlobalSection
	GlobalSection(SolutionProperties) = preSolution
		HideSolutionNode = FALSE
	EndGlobalSection
	GlobalSection(ExtensibilityGlobals) = postSolution
		SolutionGuid = {21E167C2-A54F-4072-B2A8-7ACB801CE539}
	EndGlobalSection
EndGlobal
