
Microsoft Visual Studio Solution File, Format Version 12.00
# Visual Studio Version 17
VisualStudioVersion = 17.0.32112.339
MinimumVisualStudioVersion = 10.0.40219.1
Project("{8BC9CEB8-8B4A-11D0-8D11-00A0C91BC942}") = "CriticalSectionMutex", "CriticalSectionMutex\CriticalSectionMutex.vcxproj", "{EC8BD6E9-7466-47CA-802B-43308433280B}"
EndProject
Project("{8BC9CEB8-8B4A-11D0-8D11-00A0C91BC942}") = "ProducerConsumer", "ProducerConsumer\ProducerConsumer.vcxproj", "{A2F5BC36-3675-45FA-ABF9-89ED4BD27F35}"
EndProject
Global
	GlobalSection(SolutionConfigurationPlatforms) = preSolution
		Debug|x64 = Debug|x64
		Debug|x86 = Debug|x86
		Release|x64 = Release|x64
		Release|x86 = Release|x86
	EndGlobalSection
	GlobalSection(ProjectConfigurationPlatforms) = postSolution
		{EC8BD6E9-7466-47CA-802B-43308433280B}.Debug|x64.ActiveCfg = Debug|x64
		{EC8BD6E9-7466-47CA-802B-43308433280B}.Debug|x64.Build.0 = Debug|x64
		{EC8BD6E9-7466-47CA-802B-43308433280B}.Debug|x86.ActiveCfg = Debug|Win32
		{EC8BD6E9-7466-47CA-802B-43308433280B}.Debug|x86.Build.0 = Debug|Win32
		{EC8BD6E9-7466-47CA-802B-43308433280B}.Release|x64.ActiveCfg = Release|x64
		{EC8BD6E9-7466-47CA-802B-43308433280B}.Release|x64.Build.0 = Release|x64
		{EC8BD6E9-7466-47CA-802B-43308433280B}.Release|x86.ActiveCfg = Release|Win32
		{EC8BD6E9-7466-47CA-802B-43308433280B}.Release|x86.Build.0 = Release|Win32
		{A2F5BC36-3675-45FA-ABF9-89ED4BD27F35}.Debug|x64.ActiveCfg = Debug|x64
		{A2F5BC36-3675-45FA-ABF9-89ED4BD27F35}.Debug|x64.Build.0 = Debug|x64
		{A2F5BC36-3675-45FA-ABF9-89ED4BD27F35}.Debug|x86.ActiveCfg = Debug|Win32
		{A2F5BC36-3675-45FA-ABF9-89ED4BD27F35}.Debug|x86.Build.0 = Debug|Win32
		{A2F5BC36-3675-45FA-ABF9-89ED4BD27F35}.Release|x64.ActiveCfg = Release|x64
		{A2F5BC36-3675-45FA-ABF9-89ED4BD27F35}.Release|x64.Build.0 = Release|x64
		{A2F5BC36-3675-45FA-ABF9-89ED4BD27F35}.Release|x86.ActiveCfg = Release|Win32
		{A2F5BC36-3675-45FA-ABF9-89ED4BD27F35}.Release|x86.Build.0 = Release|Win32
	EndGlobalSection
	GlobalSection(SolutionProperties) = preSolution
		HideSolutionNode = FALSE
	EndGlobalSection
	GlobalSection(ExtensibilityGlobals) = postSolution
		SolutionGuid = {A7E0E896-54B7-4ED8-AAE3-26844962D3CE}
	EndGlobalSection
EndGlobal
