
Microsoft Visual Studio Solution File, Format Version 12.00
# Visual Studio Version 17
VisualStudioVersion = 17.2.32616.157
MinimumVisualStudioVersion = 10.0.40219.1
Project("{FAE04EC0-301F-11D3-BF4B-00C04F79EFBC}") = "1. SingleInheritance", "1. SingleInheritance\1. SingleInheritance.csproj", "{B143889D-3E01-4580-A676-0A38740040C2}"
EndProject
Project("{FAE04EC0-301F-11D3-BF4B-00C04F79EFBC}") = "2. MultipleInheritance", "2. MultipleInheritance\2. MultipleInheritance.csproj", "{77B001C4-F67B-4335-9291-24056C729C56}"
EndProject
Project("{FAE04EC0-301F-11D3-BF4B-00C04F79EFBC}") = "3.HierarchicalInheritance", "3.HierarchicalInheritance\3.HierarchicalInheritance.csproj", "{FFB4671C-E096-4B7C-8B97-406DC66E3C89}"
EndProject
Project("{FAE04EC0-301F-11D3-BF4B-00C04F79EFBC}") = "4. RandomList", "4. RandomList\4. RandomList.csproj", "{FF88BB4F-95FD-42CD-933E-D33D66F46A97}"
EndProject
Project("{FAE04EC0-301F-11D3-BF4B-00C04F79EFBC}") = "5. StackOfStrings", "5. StackOfStrings\5. StackOfStrings.csproj", "{8AD4C1D0-028A-4A24-80E9-425BAA03ED1E}"
EndProject
Global
	GlobalSection(SolutionConfigurationPlatforms) = preSolution
		Debug|Any CPU = Debug|Any CPU
		Release|Any CPU = Release|Any CPU
	EndGlobalSection
	GlobalSection(ProjectConfigurationPlatforms) = postSolution
		{B143889D-3E01-4580-A676-0A38740040C2}.Debug|Any CPU.ActiveCfg = Debug|Any CPU
		{B143889D-3E01-4580-A676-0A38740040C2}.Debug|Any CPU.Build.0 = Debug|Any CPU
		{B143889D-3E01-4580-A676-0A38740040C2}.Release|Any CPU.ActiveCfg = Release|Any CPU
		{B143889D-3E01-4580-A676-0A38740040C2}.Release|Any CPU.Build.0 = Release|Any CPU
		{77B001C4-F67B-4335-9291-24056C729C56}.Debug|Any CPU.ActiveCfg = Debug|Any CPU
		{77B001C4-F67B-4335-9291-24056C729C56}.Debug|Any CPU.Build.0 = Debug|Any CPU
		{77B001C4-F67B-4335-9291-24056C729C56}.Release|Any CPU.ActiveCfg = Release|Any CPU
		{77B001C4-F67B-4335-9291-24056C729C56}.Release|Any CPU.Build.0 = Release|Any CPU
		{FFB4671C-E096-4B7C-8B97-406DC66E3C89}.Debug|Any CPU.ActiveCfg = Debug|Any CPU
		{FFB4671C-E096-4B7C-8B97-406DC66E3C89}.Debug|Any CPU.Build.0 = Debug|Any CPU
		{FFB4671C-E096-4B7C-8B97-406DC66E3C89}.Release|Any CPU.ActiveCfg = Release|Any CPU
		{FFB4671C-E096-4B7C-8B97-406DC66E3C89}.Release|Any CPU.Build.0 = Release|Any CPU
		{FF88BB4F-95FD-42CD-933E-D33D66F46A97}.Debug|Any CPU.ActiveCfg = Debug|Any CPU
		{FF88BB4F-95FD-42CD-933E-D33D66F46A97}.Debug|Any CPU.Build.0 = Debug|Any CPU
		{FF88BB4F-95FD-42CD-933E-D33D66F46A97}.Release|Any CPU.ActiveCfg = Release|Any CPU
		{FF88BB4F-95FD-42CD-933E-D33D66F46A97}.Release|Any CPU.Build.0 = Release|Any CPU
		{8AD4C1D0-028A-4A24-80E9-425BAA03ED1E}.Debug|Any CPU.ActiveCfg = Debug|Any CPU
		{8AD4C1D0-028A-4A24-80E9-425BAA03ED1E}.Debug|Any CPU.Build.0 = Debug|Any CPU
		{8AD4C1D0-028A-4A24-80E9-425BAA03ED1E}.Release|Any CPU.ActiveCfg = Release|Any CPU
		{8AD4C1D0-028A-4A24-80E9-425BAA03ED1E}.Release|Any CPU.Build.0 = Release|Any CPU
	EndGlobalSection
	GlobalSection(SolutionProperties) = preSolution
		HideSolutionNode = FALSE
	EndGlobalSection
	GlobalSection(ExtensibilityGlobals) = postSolution
		SolutionGuid = {981188FB-59D7-435E-B538-BD4DE56C783F}
	EndGlobalSection
EndGlobal
