
Microsoft Visual Studio Solution File, Format Version 12.00
# Visual Studio Version 17
VisualStudioVersion = 17.0.32126.317
MinimumVisualStudioVersion = 10.0.40219.1
Project("{9A19103F-16F7-4668-BE54-9A1E7A4F7556}") = "1.GuinneaPig", "1.GuinneaPig\1.GuinneaPig.csproj", "{DFA802CB-F1DC-46E3-9673-4D33372F0002}"
EndProject
Project("{9A19103F-16F7-4668-BE54-9A1E7A4F7556}") = "2. ShoppingList", "2. ShoppingList\2. ShoppingList.csproj", "{A96FCAF7-FE85-4EA8-91BA-A1808DA48BEB}"
EndProject
Project("{9A19103F-16F7-4668-BE54-9A1E7A4F7556}") = "3. HeartDelivery", "3. HeartDelivery\3. HeartDelivery.csproj", "{5666818A-CBD9-4492-B9D3-85964556AFE3}"
EndProject
Project("{FAE04EC0-301F-11D3-BF4B-00C04F79EFBC}") = "4. MemoryGame", "4. MemoryGame\4. MemoryGame.csproj", "{37E70207-03CA-4AE1-A887-A35EBA58CD48}"
EndProject
Global
	GlobalSection(SolutionConfigurationPlatforms) = preSolution
		Debug|Any CPU = Debug|Any CPU
		Release|Any CPU = Release|Any CPU
	EndGlobalSection
	GlobalSection(ProjectConfigurationPlatforms) = postSolution
		{DFA802CB-F1DC-46E3-9673-4D33372F0002}.Debug|Any CPU.ActiveCfg = Debug|Any CPU
		{DFA802CB-F1DC-46E3-9673-4D33372F0002}.Debug|Any CPU.Build.0 = Debug|Any CPU
		{DFA802CB-F1DC-46E3-9673-4D33372F0002}.Release|Any CPU.ActiveCfg = Release|Any CPU
		{DFA802CB-F1DC-46E3-9673-4D33372F0002}.Release|Any CPU.Build.0 = Release|Any CPU
		{A96FCAF7-FE85-4EA8-91BA-A1808DA48BEB}.Debug|Any CPU.ActiveCfg = Debug|Any CPU
		{A96FCAF7-FE85-4EA8-91BA-A1808DA48BEB}.Debug|Any CPU.Build.0 = Debug|Any CPU
		{A96FCAF7-FE85-4EA8-91BA-A1808DA48BEB}.Release|Any CPU.ActiveCfg = Release|Any CPU
		{A96FCAF7-FE85-4EA8-91BA-A1808DA48BEB}.Release|Any CPU.Build.0 = Release|Any CPU
		{5666818A-CBD9-4492-B9D3-85964556AFE3}.Debug|Any CPU.ActiveCfg = Debug|Any CPU
		{5666818A-CBD9-4492-B9D3-85964556AFE3}.Debug|Any CPU.Build.0 = Debug|Any CPU
		{5666818A-CBD9-4492-B9D3-85964556AFE3}.Release|Any CPU.ActiveCfg = Release|Any CPU
		{5666818A-CBD9-4492-B9D3-85964556AFE3}.Release|Any CPU.Build.0 = Release|Any CPU
		{37E70207-03CA-4AE1-A887-A35EBA58CD48}.Debug|Any CPU.ActiveCfg = Debug|Any CPU
		{37E70207-03CA-4AE1-A887-A35EBA58CD48}.Debug|Any CPU.Build.0 = Debug|Any CPU
		{37E70207-03CA-4AE1-A887-A35EBA58CD48}.Release|Any CPU.ActiveCfg = Release|Any CPU
		{37E70207-03CA-4AE1-A887-A35EBA58CD48}.Release|Any CPU.Build.0 = Release|Any CPU
	EndGlobalSection
	GlobalSection(SolutionProperties) = preSolution
		HideSolutionNode = FALSE
	EndGlobalSection
	GlobalSection(ExtensibilityGlobals) = postSolution
		SolutionGuid = {0EE27AC5-B0DF-44C2-BA0E-0500CCF608B0}
	EndGlobalSection
EndGlobal
