
Microsoft Visual Studio Solution File, Format Version 12.00
# Visual Studio Version 17
VisualStudioVersion = 17.2.32616.157
MinimumVisualStudioVersion = 10.0.40219.1
Project("{FAE04EC0-301F-11D3-BF4B-00C04F79EFBC}") = "ListIterator", "ListIterator\ListIterator.csproj", "{DBC1ED55-AAEF-4F39-861A-DC4ECFDA901F}"
EndProject
Project("{FAE04EC0-301F-11D3-BF4B-00C04F79EFBC}") = "Stack", "3. Stack\Stack.csproj", "{9E676EB4-2710-4630-BC28-55EA392EECA2}"
EndProject
Global
	GlobalSection(SolutionConfigurationPlatforms) = preSolution
		Debug|Any CPU = Debug|Any CPU
		Release|Any CPU = Release|Any CPU
	EndGlobalSection
	GlobalSection(ProjectConfigurationPlatforms) = postSolution
		{DBC1ED55-AAEF-4F39-861A-DC4ECFDA901F}.Debug|Any CPU.ActiveCfg = Debug|Any CPU
		{DBC1ED55-AAEF-4F39-861A-DC4ECFDA901F}.Debug|Any CPU.Build.0 = Debug|Any CPU
		{DBC1ED55-AAEF-4F39-861A-DC4ECFDA901F}.Release|Any CPU.ActiveCfg = Release|Any CPU
		{DBC1ED55-AAEF-4F39-861A-DC4ECFDA901F}.Release|Any CPU.Build.0 = Release|Any CPU
		{9E676EB4-2710-4630-BC28-55EA392EECA2}.Debug|Any CPU.ActiveCfg = Debug|Any CPU
		{9E676EB4-2710-4630-BC28-55EA392EECA2}.Debug|Any CPU.Build.0 = Debug|Any CPU
		{9E676EB4-2710-4630-BC28-55EA392EECA2}.Release|Any CPU.ActiveCfg = Release|Any CPU
		{9E676EB4-2710-4630-BC28-55EA392EECA2}.Release|Any CPU.Build.0 = Release|Any CPU
	EndGlobalSection
	GlobalSection(SolutionProperties) = preSolution
		HideSolutionNode = FALSE
	EndGlobalSection
	GlobalSection(ExtensibilityGlobals) = postSolution
		SolutionGuid = {A09B4D68-B537-4076-A318-45C7D41E695D}
	EndGlobalSection
EndGlobal
