
Microsoft Visual Studio Solution File, Format Version 12.00
# Visual Studio Version 17
VisualStudioVersion = 17.2.32526.322
MinimumVisualStudioVersion = 10.0.40219.1
Project("{9A19103F-16F7-4668-BE54-9A1E7A4F7556}") = "DefiningClasses", "DefiningClasses\DefiningClasses.csproj", "{623BADAC-7BFD-4243-A7ED-4A9CB7BBDCC1}"
EndProject
Project("{9A19103F-16F7-4668-BE54-9A1E7A4F7556}") = "DateModifier", "DateModifier\DateModifier.csproj", "{0581E36A-58EE-444C-8F10-4F9D0E9D3387}"
EndProject
Project("{9A19103F-16F7-4668-BE54-9A1E7A4F7556}") = "SpeedRacing", "SpeedRacing\SpeedRacing.csproj", "{15CC57A7-C508-4D55-8C83-F084A72678BC}"
EndProject
Project("{9A19103F-16F7-4668-BE54-9A1E7A4F7556}") = "RawData", "RawData\RawData.csproj", "{721DD2A7-114F-469F-8836-69764759DFA6}"
EndProject
Project("{FAE04EC0-301F-11D3-BF4B-00C04F79EFBC}") = "CarSalesman", "CarSalesman\CarSalesman.csproj", "{658D928B-442E-4C47-A734-72CE70970C4E}"
EndProject
Project("{FAE04EC0-301F-11D3-BF4B-00C04F79EFBC}") = "PokemonTrainer", "PokemonTrainer\PokemonTrainer.csproj", "{4A514074-55F5-49CC-BD6F-B96C6BD6E97E}"
EndProject
Global
	GlobalSection(SolutionConfigurationPlatforms) = preSolution
		Debug|Any CPU = Debug|Any CPU
		Release|Any CPU = Release|Any CPU
	EndGlobalSection
	GlobalSection(ProjectConfigurationPlatforms) = postSolution
		{623BADAC-7BFD-4243-A7ED-4A9CB7BBDCC1}.Debug|Any CPU.ActiveCfg = Debug|Any CPU
		{623BADAC-7BFD-4243-A7ED-4A9CB7BBDCC1}.Debug|Any CPU.Build.0 = Debug|Any CPU
		{623BADAC-7BFD-4243-A7ED-4A9CB7BBDCC1}.Release|Any CPU.ActiveCfg = Release|Any CPU
		{623BADAC-7BFD-4243-A7ED-4A9CB7BBDCC1}.Release|Any CPU.Build.0 = Release|Any CPU
		{0581E36A-58EE-444C-8F10-4F9D0E9D3387}.Debug|Any CPU.ActiveCfg = Debug|Any CPU
		{0581E36A-58EE-444C-8F10-4F9D0E9D3387}.Debug|Any CPU.Build.0 = Debug|Any CPU
		{0581E36A-58EE-444C-8F10-4F9D0E9D3387}.Release|Any CPU.ActiveCfg = Release|Any CPU
		{0581E36A-58EE-444C-8F10-4F9D0E9D3387}.Release|Any CPU.Build.0 = Release|Any CPU
		{15CC57A7-C508-4D55-8C83-F084A72678BC}.Debug|Any CPU.ActiveCfg = Debug|Any CPU
		{15CC57A7-C508-4D55-8C83-F084A72678BC}.Debug|Any CPU.Build.0 = Debug|Any CPU
		{15CC57A7-C508-4D55-8C83-F084A72678BC}.Release|Any CPU.ActiveCfg = Release|Any CPU
		{15CC57A7-C508-4D55-8C83-F084A72678BC}.Release|Any CPU.Build.0 = Release|Any CPU
		{721DD2A7-114F-469F-8836-69764759DFA6}.Debug|Any CPU.ActiveCfg = Debug|Any CPU
		{721DD2A7-114F-469F-8836-69764759DFA6}.Debug|Any CPU.Build.0 = Debug|Any CPU
		{721DD2A7-114F-469F-8836-69764759DFA6}.Release|Any CPU.ActiveCfg = Release|Any CPU
		{721DD2A7-114F-469F-8836-69764759DFA6}.Release|Any CPU.Build.0 = Release|Any CPU
		{658D928B-442E-4C47-A734-72CE70970C4E}.Debug|Any CPU.ActiveCfg = Debug|Any CPU
		{658D928B-442E-4C47-A734-72CE70970C4E}.Debug|Any CPU.Build.0 = Debug|Any CPU
		{658D928B-442E-4C47-A734-72CE70970C4E}.Release|Any CPU.ActiveCfg = Release|Any CPU
		{658D928B-442E-4C47-A734-72CE70970C4E}.Release|Any CPU.Build.0 = Release|Any CPU
		{4A514074-55F5-49CC-BD6F-B96C6BD6E97E}.Debug|Any CPU.ActiveCfg = Debug|Any CPU
		{4A514074-55F5-49CC-BD6F-B96C6BD6E97E}.Debug|Any CPU.Build.0 = Debug|Any CPU
		{4A514074-55F5-49CC-BD6F-B96C6BD6E97E}.Release|Any CPU.ActiveCfg = Release|Any CPU
		{4A514074-55F5-49CC-BD6F-B96C6BD6E97E}.Release|Any CPU.Build.0 = Release|Any CPU
	EndGlobalSection
	GlobalSection(SolutionProperties) = preSolution
		HideSolutionNode = FALSE
	EndGlobalSection
	GlobalSection(ExtensibilityGlobals) = postSolution
		SolutionGuid = {7EBCAA2D-61BC-4F93-9993-3969CEE13FB7}
	EndGlobalSection
EndGlobal
