
Microsoft Visual Studio Solution File, Format Version 12.00
# Visual Studio Version 17
VisualStudioVersion = 17.2.32526.322
MinimumVisualStudioVersion = 10.0.40219.1
Project("{9A19103F-16F7-4668-BE54-9A1E7A4F7556}") = "1. EvenLines", "1. EvenLines\1. EvenLines.csproj", "{1A8F1964-781B-4B3D-8632-3E91BBBEEC9E}"
EndProject
Project("{9A19103F-16F7-4668-BE54-9A1E7A4F7556}") = "2. LineNumbers", "2. LineNumbers\2. LineNumbers.csproj", "{F4DC40F8-6D25-40C1-B86A-138B9775E41E}"
EndProject
Project("{FAE04EC0-301F-11D3-BF4B-00C04F79EFBC}") = "6. ZipAndExtract", "6. ZipAndExtract\6. ZipAndExtract.csproj", "{CEE4A6B5-D916-4FBA-B4D3-360333A882E6}"
EndProject
Project("{FAE04EC0-301F-11D3-BF4B-00C04F79EFBC}") = "5. CopyDirectory", "5. CopyDirectory\5. CopyDirectory.csproj", "{2DEBD964-8272-4961-B8DD-30E40DEFAEAE}"
EndProject
Global
	GlobalSection(SolutionConfigurationPlatforms) = preSolution
		Debug|Any CPU = Debug|Any CPU
		Release|Any CPU = Release|Any CPU
	EndGlobalSection
	GlobalSection(ProjectConfigurationPlatforms) = postSolution
		{1A8F1964-781B-4B3D-8632-3E91BBBEEC9E}.Debug|Any CPU.ActiveCfg = Debug|Any CPU
		{1A8F1964-781B-4B3D-8632-3E91BBBEEC9E}.Debug|Any CPU.Build.0 = Debug|Any CPU
		{1A8F1964-781B-4B3D-8632-3E91BBBEEC9E}.Release|Any CPU.ActiveCfg = Release|Any CPU
		{1A8F1964-781B-4B3D-8632-3E91BBBEEC9E}.Release|Any CPU.Build.0 = Release|Any CPU
		{F4DC40F8-6D25-40C1-B86A-138B9775E41E}.Debug|Any CPU.ActiveCfg = Debug|Any CPU
		{F4DC40F8-6D25-40C1-B86A-138B9775E41E}.Debug|Any CPU.Build.0 = Debug|Any CPU
		{F4DC40F8-6D25-40C1-B86A-138B9775E41E}.Release|Any CPU.ActiveCfg = Release|Any CPU
		{F4DC40F8-6D25-40C1-B86A-138B9775E41E}.Release|Any CPU.Build.0 = Release|Any CPU
		{CEE4A6B5-D916-4FBA-B4D3-360333A882E6}.Debug|Any CPU.ActiveCfg = Debug|Any CPU
		{CEE4A6B5-D916-4FBA-B4D3-360333A882E6}.Debug|Any CPU.Build.0 = Debug|Any CPU
		{CEE4A6B5-D916-4FBA-B4D3-360333A882E6}.Release|Any CPU.ActiveCfg = Release|Any CPU
		{CEE4A6B5-D916-4FBA-B4D3-360333A882E6}.Release|Any CPU.Build.0 = Release|Any CPU
		{2DEBD964-8272-4961-B8DD-30E40DEFAEAE}.Debug|Any CPU.ActiveCfg = Debug|Any CPU
		{2DEBD964-8272-4961-B8DD-30E40DEFAEAE}.Debug|Any CPU.Build.0 = Debug|Any CPU
		{2DEBD964-8272-4961-B8DD-30E40DEFAEAE}.Release|Any CPU.ActiveCfg = Release|Any CPU
		{2DEBD964-8272-4961-B8DD-30E40DEFAEAE}.Release|Any CPU.Build.0 = Release|Any CPU
	EndGlobalSection
	GlobalSection(SolutionProperties) = preSolution
		HideSolutionNode = FALSE
	EndGlobalSection
	GlobalSection(ExtensibilityGlobals) = postSolution
		SolutionGuid = {7945882B-F039-4393-BB53-670521B574CE}
	EndGlobalSection
EndGlobal
